
Microsoft Visual Studio Solution File, Format Version 12.00
# Visual Studio 14
VisualStudioVersion = 14.0.23107.0
MinimumVisualStudioVersion = 10.0.40219.1
Project("{FAE04EC0-301F-11D3-BF4B-00C04F79EFBC}") = "wpfChatApplication", "wpfChatApplication\wpfChatApplication.csproj", "{12CC9504-C19D-4474-ABEB-FB3EA20005E2}"
EndProject
Project("{FAE04EC0-301F-11D3-BF4B-00C04F79EFBC}") = "CommunicationLibrary", "CommunicationLibrary\CommunicationLibrary.csproj", "{57F2B8CA-0172-42F0-A24A-7EDE29138FF2}"
EndProject
Global
	GlobalSection(SolutionConfigurationPlatforms) = preSolution
		Debug|Any CPU = Debug|Any CPU
		Release|Any CPU = Release|Any CPU
	EndGlobalSection
	GlobalSection(ProjectConfigurationPlatforms) = postSolution
		{12CC9504-C19D-4474-ABEB-FB3EA20005E2}.Debug|Any CPU.ActiveCfg = Debug|Any CPU
		{12CC9504-C19D-4474-ABEB-FB3EA20005E2}.Debug|Any CPU.Build.0 = Debug|Any CPU
		{12CC9504-C19D-4474-ABEB-FB3EA20005E2}.Release|Any CPU.ActiveCfg = Release|Any CPU
		{12CC9504-C19D-4474-ABEB-FB3EA20005E2}.Release|Any CPU.Build.0 = Release|Any CPU
		{57F2B8CA-0172-42F0-A24A-7EDE29138FF2}.Debug|Any CPU.ActiveCfg = Debug|Any CPU
		{57F2B8CA-0172-42F0-A24A-7EDE29138FF2}.Debug|Any CPU.Build.0 = Debug|Any CPU
		{57F2B8CA-0172-42F0-A24A-7EDE29138FF2}.Release|Any CPU.ActiveCfg = Release|Any CPU
		{57F2B8CA-0172-42F0-A24A-7EDE29138FF2}.Release|Any CPU.Build.0 = Release|Any CPU
	EndGlobalSection
	GlobalSection(SolutionProperties) = preSolution
		HideSolutionNode = FALSE
	EndGlobalSection
EndGlobal
